# THIS IS AN AUTOGENERATED FILE. DO NOT EDIT THIS FILE DIRECTLY.
# yarn lockfile v1


http-parser-js@^0.4.10:
  version "0.4.10"
  resolved "https://registry.yarnpkg.com/http-parser-js/-/http-parser-js-0.4.10.tgz#92c9c1374c35085f75db359ec56cc257cbb93fa4"

napi-macros@^1.3.0:
  version "1.3.0"
  resolved "https://registry.yarnpkg.com/napi-macros/-/napi-macros-1.3.0.tgz#dca489a65ab1d464120f9d5d745ce45a344056ab"

node-gyp-build@^3.3.0:
  version "3.3.0"
  resolved "https://registry.yarnpkg.com/node-gyp-build/-/node-gyp-build-3.3.0.tgz#df755c8dba1120c7c5e3179bbfd4203aa495e9a3"

turbo-http@^0.1.1:
  version "0.1.1"
  resolved "https://registry.yarnpkg.com/turbo-http/-/turbo-http-0.1.1.tgz#9d48fc91f2cb3c813fcb8ee24747a6cf60fcb352"
  dependencies:
    http-parser-js "^0.4.10"
    turbo-net "^1.2.1"

turbo-net@^1.2.1:
  version "1.2.3"
  resolved "https://registry.yarnpkg.com/turbo-net/-/turbo-net-1.2.3.tgz#9b972632f302cdb77d27a3d90cda68f2272d2f61"
  dependencies:
    napi-macros "^1.3.0"
    node-gyp-build "^3.3.0"
    unordered-set "^2.0.0"

unordered-set@^2.0.0:
  version "2.0.0"
  resolved "https://registry.yarnpkg.com/unordered-set/-/unordered-set-2.0.0.tgz#985a27e975baa20b8263aea7a791e9300941a9ec"
